
Microsoft Visual Studio Solution File, Format Version 12.00
# Visual Studio Version 17
VisualStudioVersion = 17.14.36221.1
MinimumVisualStudioVersion = 10.0.40219.1
Project("{FAE04EC0-301F-11D3-BF4B-00C04F79EFBC}") = "YumBlazor", "YumBlazor\YumBlazor.csproj", "{C79D94C1-D8FD-4F5C-BF81-F0D8FBF50CD1}"
EndProject
Global
	GlobalSection(SolutionConfigurationPlatforms) = preSolution
		Debug|Any CPU = Debug|Any CPU
		Release|Any CPU = Release|Any CPU
	EndGlobalSection
	GlobalSection(ProjectConfigurationPlatforms) = postSolution
		{C79D94C1-D8FD-4F5C-BF81-F0D8FBF50CD1}.Debug|Any CPU.ActiveCfg = Debug|Any CPU
		{C79D94C1-D8FD-4F5C-BF81-F0D8FBF50CD1}.Debug|Any CPU.Build.0 = Debug|Any CPU
		{C79D94C1-D8FD-4F5C-BF81-F0D8FBF50CD1}.Release|Any CPU.ActiveCfg = Release|Any CPU
		{C79D94C1-D8FD-4F5C-BF81-F0D8FBF50CD1}.Release|Any CPU.Build.0 = Release|Any CPU
	EndGlobalSection
	GlobalSection(SolutionProperties) = preSolution
		HideSolutionNode = FALSE
	EndGlobalSection
	GlobalSection(ExtensibilityGlobals) = postSolution
		SolutionGuid = {DF45D730-0490-4E44-9D21-BDA7DF661D83}
	EndGlobalSection
EndGlobal
